
Microsoft Visual Studio Solution File, Format Version 12.00
# Visual Studio Version 16
VisualStudioVersion = 16.0.31515.178
MinimumVisualStudioVersion = 10.0.40219.1
Project("{FAE04EC0-301F-11D3-BF4B-00C04F79EFBC}") = "wcfserver", "wcfserver.csproj", "{D3F60C40-241C-49CF-A503-1A7062D701A3}"
EndProject
Global
	GlobalSection(SolutionConfigurationPlatforms) = preSolution
		Debug|Any CPU = Debug|Any CPU
		Release|Any CPU = Release|Any CPU
	EndGlobalSection
	GlobalSection(ProjectConfigurationPlatforms) = postSolution
		{D3F60C40-241C-49CF-A503-1A7062D701A3}.Debug|Any CPU.ActiveCfg = Debug|Any CPU
		{D3F60C40-241C-49CF-A503-1A7062D701A3}.Debug|Any CPU.Build.0 = Debug|Any CPU
		{D3F60C40-241C-49CF-A503-1A7062D701A3}.Release|Any CPU.ActiveCfg = Release|Any CPU
		{D3F60C40-241C-49CF-A503-1A7062D701A3}.Release|Any CPU.Build.0 = Release|Any CPU
	EndGlobalSection
	GlobalSection(SolutionProperties) = preSolution
		HideSolutionNode = FALSE
	EndGlobalSection
	GlobalSection(ExtensibilityGlobals) = postSolution
		SolutionGuid = {FE568A0B-603A-4081-A1B6-8EEF6AEB3178}
	EndGlobalSection
EndGlobal
